
Microsoft Visual Studio Solution File, Format Version 12.00
# Visual Studio Version 16
VisualStudioVersion = 16.0.32106.194
MinimumVisualStudioVersion = 10.0.40219.1
Project("{FAE04EC0-301F-11D3-BF4B-00C04F79EFBC}") = "HoistingCrane", "HoistingCrane\HoistingCrane.csproj", "{6BC4E50A-E289-4147-AB58-84DD856DE388}"
EndProject
Global
	GlobalSection(SolutionConfigurationPlatforms) = preSolution
		Debug|Any CPU = Debug|Any CPU
		Release|Any CPU = Release|Any CPU
	EndGlobalSection
	GlobalSection(ProjectConfigurationPlatforms) = postSolution
		{6BC4E50A-E289-4147-AB58-84DD856DE388}.Debug|Any CPU.ActiveCfg = Debug|Any CPU
		{6BC4E50A-E289-4147-AB58-84DD856DE388}.Debug|Any CPU.Build.0 = Debug|Any CPU
		{6BC4E50A-E289-4147-AB58-84DD856DE388}.Release|Any CPU.ActiveCfg = Release|Any CPU
		{6BC4E50A-E289-4147-AB58-84DD856DE388}.Release|Any CPU.Build.0 = Release|Any CPU
	EndGlobalSection
	GlobalSection(SolutionProperties) = preSolution
		HideSolutionNode = FALSE
	EndGlobalSection
	GlobalSection(ExtensibilityGlobals) = postSolution
		SolutionGuid = {D0FE2CBA-3915-44BA-82A5-A2273B19C645}
	EndGlobalSection
EndGlobal
